
Microsoft Visual Studio Solution File, Format Version 12.00
# Visual Studio 14
VisualStudioVersion = 14.0.25420.1
MinimumVisualStudioVersion = 10.0.40219.1
Project("{2150E333-8FDC-42A3-9474-1A3956D46DE8}") = "src", "src", "{3688B528-1058-49A7-8D36-DB30B1484068}"
EndProject
Project("{2150E333-8FDC-42A3-9474-1A3956D46DE8}") = "Solution Items", "Solution Items", "{915A5968-552D-4FE0-9FEA-D4DB67286DDE}"
	ProjectSection(SolutionItems) = preProject
		global.json = global.json
	EndProjectSection
EndProject
Project("{8BB2217D-0F2D-49D1-97BC-3654ED321F3B}") = "efcore-default-null-bug", "src\efcore-default-null-bug\efcore-default-null-bug.xproj", "{E366CBEC-97F7-40B3-98C9-A9EFFF20F4C2}"
EndProject
Global
	GlobalSection(SolutionConfigurationPlatforms) = preSolution
		Debug|Any CPU = Debug|Any CPU
		Release|Any CPU = Release|Any CPU
	EndGlobalSection
	GlobalSection(ProjectConfigurationPlatforms) = postSolution
		{E366CBEC-97F7-40B3-98C9-A9EFFF20F4C2}.Debug|Any CPU.ActiveCfg = Debug|Any CPU
		{E366CBEC-97F7-40B3-98C9-A9EFFF20F4C2}.Debug|Any CPU.Build.0 = Debug|Any CPU
		{E366CBEC-97F7-40B3-98C9-A9EFFF20F4C2}.Release|Any CPU.ActiveCfg = Release|Any CPU
		{E366CBEC-97F7-40B3-98C9-A9EFFF20F4C2}.Release|Any CPU.Build.0 = Release|Any CPU
	EndGlobalSection
	GlobalSection(SolutionProperties) = preSolution
		HideSolutionNode = FALSE
	EndGlobalSection
	GlobalSection(NestedProjects) = preSolution
		{E366CBEC-97F7-40B3-98C9-A9EFFF20F4C2} = {3688B528-1058-49A7-8D36-DB30B1484068}
	EndGlobalSection
EndGlobal
